// !$*UTF8*$!
{
	archiveVersion = 1;
	classes = {
	};
	objectVersion = 46;
	objects = {

/* Begin PBXBuildFile section */
		A0ABEDC8190A1969002C91B7 /* Foundation.framework in Frameworks */ = {isa = PBXBuildFile; fileRef = A0ABEDC7190A1969002C91B7 /* Foundation.framework */; };
		A0ABEDCA190A1969002C91B7 /* CoreGraphics.framework in Frameworks */ = {isa = PBXBuildFile; fileRef = A0ABEDC9190A1969002C91B7 /* CoreGraphics.framework */; };
		A0ABEDCC190A1969002C91B7 /* UIKit.framework in Frameworks */ = {isa = PBXBuildFile; fileRef = A0ABEDCB190A1969002C91B7 /* UIKit.framework */; };
		A0ABEDD2190A1969002C91B7 /* InfoPlist.strings in Resources */ = {isa = PBXBuildFile; fileRef = A0ABEDD0190A1969002C91B7 /* InfoPlist.strings */; };
		A0ABEDD4190A1969002C91B7 /* main.m in Sources */ = {isa = PBXBuildFile; fileRef = A0ABEDD3190A1969002C91B7 /* main.m */; };
		A0ABEDD8190A1969002C91B7 /* LineLineAppDelegate.m in Sources */ = {isa = PBXBuildFile; fileRef = A0ABEDD7190A1969002C91B7 /* LineLineAppDelegate.m */; };
		A0ABEDDB190A1969002C91B7 /* Main.storyboard in Resources */ = {isa = PBXBuildFile; fileRef = A0ABEDD9190A1969002C91B7 /* Main.storyboard */; };
		A0ABEDDE190A1969002C91B7 /* LineLineViewController.m in Sources */ = {isa = PBXBuildFile; fileRef = A0ABEDDD190A1969002C91B7 /* LineLineViewController.m */; };
		A0ABEDE0190A1969002C91B7 /* Images.xcassets in Resources */ = {isa = PBXBuildFile; fileRef = A0ABEDDF190A1969002C91B7 /* Images.xcassets */; };
		A0ABEDE7190A1969002C91B7 /* XCTest.framework in Frameworks */ = {isa = PBXBuildFile; fileRef = A0ABEDE6190A1969002C91B7 /* XCTest.framework */; };
		A0ABEDE8190A1969002C91B7 /* Foundation.framework in Frameworks */ = {isa = PBXBuildFile; fileRef = A0ABEDC7190A1969002C91B7 /* Foundation.framework */; };
		A0ABEDE9190A1969002C91B7 /* UIKit.framework in Frameworks */ = {isa = PBXBuildFile; fileRef = A0ABEDCB190A1969002C91B7 /* UIKit.framework */; };
		A0ABEDF1190A1969002C91B7 /* InfoPlist.strings in Resources */ = {isa = PBXBuildFile; fileRef = A0ABEDEF190A1969002C91B7 /* InfoPlist.strings */; };
		A0ABEDF3190A1969002C91B7 /* LineLIneTests.m in Sources */ = {isa = PBXBuildFile; fileRef = A0ABEDF2190A1969002C91B7 /* LineLIneTests.m */; };
		A0ABEE01190A3543002C91B7 /* LineView.m in Sources */ = {isa = PBXBuildFile; fileRef = A0ABEE00190A3543002C91B7 /* LineView.m */; };
/* End PBXBuildFile section */

/* Begin PBXContainerItemProxy section */
		A0ABEDEA190A1969002C91B7 /* PBXContainerItemProxy */ = {
			isa = PBXContainerItemProxy;
			containerPortal = A0ABEDBC190A1969002C91B7 /* Project object */;
			proxyType = 1;
			remoteGlobalIDString = A0ABEDC3190A1969002C91B7;
			remoteInfo = LineLIne;
		};
/* End PBXContainerItemProxy section */

/* Begin PBXFileReference section */
		A0ABEDC4190A1969002C91B7 /* LineLIne.app */ = {isa = PBXFileReference; explicitFileType = wrapper.application; includeInIndex = 0; path = LineLIne.app; sourceTree = BUILT_PRODUCTS_DIR; };
		A0ABEDC7190A1969002C91B7 /* Foundation.framework */ = {isa = PBXFileReference; lastKnownFileType = wrapper.framework; name = Foundation.framework; path = System/Library/Frameworks/Foundation.framework; sourceTree = SDKROOT; };
		A0ABEDC9190A1969002C91B7 /* CoreGraphics.framework */ = {isa = PBXFileReference; lastKnownFileType = wrapper.framework; name = CoreGraphics.framework; path = System/Library/Frameworks/CoreGraphics.framework; sourceTree = SDKROOT; };
		A0ABEDCB190A1969002C91B7 /* UIKit.framework */ = {isa = PBXFileReference; lastKnownFileType = wrapper.framework; name = UIKit.framework; path = System/Library/Frameworks/UIKit.framework; sourceTree = SDKROOT; };
		A0ABEDCF190A1969002C91B7 /* LineLIne-Info.plist */ = {isa = PBXFileReference; lastKnownFileType = text.plist.xml; path = "LineLIne-Info.plist"; sourceTree = "<group>"; };
		A0ABEDD1190A1969002C91B7 /* en */ = {isa = PBXFileReference; lastKnownFileType = text.plist.strings; name = en; path = en.lproj/InfoPlist.strings; sourceTree = "<group>"; };
		A0ABEDD3190A1969002C91B7 /* main.m */ = {isa = PBXFileReference; lastKnownFileType = sourcecode.c.objc; path = main.m; sourceTree = "<group>"; };
		A0ABEDD5190A1969002C91B7 /* LineLIne-Prefix.pch */ = {isa = PBXFileReference; lastKnownFileType = sourcecode.c.h; path = "LineLIne-Prefix.pch"; sourceTree = "<group>"; };
		A0ABEDD6190A1969002C91B7 /* LineLineAppDelegate.h */ = {isa = PBXFileReference; lastKnownFileType = sourcecode.c.h; path = LineLineAppDelegate.h; sourceTree = "<group>"; };
		A0ABEDD7190A1969002C91B7 /* LineLineAppDelegate.m */ = {isa = PBXFileReference; lastKnownFileType = sourcecode.c.objc; path = LineLineAppDelegate.m; sourceTree = "<group>"; };
		A0ABEDDA190A1969002C91B7 /* Base */ = {isa = PBXFileReference; lastKnownFileType = file.storyboard; name = Base; path = Base.lproj/Main.storyboard; sourceTree = "<group>"; };
		A0ABEDDC190A1969002C91B7 /* LineLineViewController.h */ = {isa = PBXFileReference; lastKnownFileType = sourcecode.c.h; path = LineLineViewController.h; sourceTree = "<group>"; };
		A0ABEDDD190A1969002C91B7 /* LineLineViewController.m */ = {isa = PBXFileReference; lastKnownFileType = sourcecode.c.objc; path = LineLineViewController.m; sourceTree = "<group>"; };
		A0ABEDDF190A1969002C91B7 /* Images.xcassets */ = {isa = PBXFileReference; lastKnownFileType = folder.assetcatalog; path = Images.xcassets; sourceTree = "<group>"; };
		A0ABEDE5190A1969002C91B7 /* LineLIneTests.xctest */ = {isa = PBXFileReference; explicitFileType = wrapper.cfbundle; includeInIndex = 0; path = LineLIneTests.xctest; sourceTree = BUILT_PRODUCTS_DIR; };
		A0ABEDE6190A1969002C91B7 /* XCTest.framework */ = {isa = PBXFileReference; lastKnownFileType = wrapper.framework; name = XCTest.framework; path = Library/Frameworks/XCTest.framework; sourceTree = DEVELOPER_DIR; };
		A0ABEDEE190A1969002C91B7 /* LineLIneTests-Info.plist */ = {isa = PBXFileReference; lastKnownFileType = text.plist.xml; path = "LineLIneTests-Info.plist"; sourceTree = "<group>"; };
		A0ABEDF0190A1969002C91B7 /* en */ = {isa = PBXFileReference; lastKnownFileType = text.plist.strings; name = en; path = en.lproj/InfoPlist.strings; sourceTree = "<group>"; };
		A0ABEDF2190A1969002C91B7 /* LineLIneTests.m */ = {isa = PBXFileReference; lastKnownFileType = sourcecode.c.objc; path = LineLIneTests.m; sourceTree = "<group>"; };
		A0ABEDFF190A3543002C91B7 /* LineView.h */ = {isa = PBXFileReference; fileEncoding = 4; lastKnownFileType = sourcecode.c.h; path = LineView.h; sourceTree = "<group>"; };
		A0ABEE00190A3543002C91B7 /* LineView.m */ = {isa = PBXFileReference; fileEncoding = 4; lastKnownFileType = sourcecode.c.objc; path = LineView.m; sourceTree = "<group>"; };
/* End PBXFileReference section */

/* Begin PBXFrameworksBuildPhase section */
		A0ABEDC1190A1969002C91B7 /* Frameworks */ = {
			isa = PBXFrameworksBuildPhase;
			buildActionMask = 2147483647;
			files = (
				A0ABEDCA190A1969002C91B7 /* CoreGraphics.framework in Frameworks */,
				A0ABEDCC190A1969002C91B7 /* UIKit.framework in Frameworks */,
				A0ABEDC8190A1969002C91B7 /* Foundation.framework in Frameworks */,
			);
			runOnlyForDeploymentPostprocessing = 0;
		};
		A0ABEDE2190A1969002C91B7 /* Frameworks */ = {
			isa = PBXFrameworksBuildPhase;
			buildActionMask = 2147483647;
			files = (
				A0ABEDE7190A1969002C91B7 /* XCTest.framework in Frameworks */,
				A0ABEDE9190A1969002C91B7 /* UIKit.framework in Frameworks */,
				A0ABEDE8190A1969002C91B7 /* Foundation.framework in Frameworks */,
			);
			runOnlyForDeploymentPostprocessing = 0;
		};
/* End PBXFrameworksBuildPhase section */

/* Begin PBXGroup section */
		A0ABEDBB190A1969002C91B7 = {
			isa = PBXGroup;
			children = (
				A0ABEDCD190A1969002C91B7 /* LineLIne */,
				A0ABEDEC190A1969002C91B7 /* LineLIneTests */,
				A0ABEDC6190A1969002C91B7 /* Frameworks */,
				A0ABEDC5190A1969002C91B7 /* Products */,
			);
			sourceTree = "<group>";
		};
		A0ABEDC5190A1969002C91B7 /* Products */ = {
			isa = PBXGroup;
			children = (
				A0ABEDC4190A1969002C91B7 /* LineLIne.app */,
				A0ABEDE5190A1969002C91B7 /* LineLIneTests.xctest */,
			);
			name = Products;
			sourceTree = "<group>";
		};
		A0ABEDC6190A1969002C91B7 /* Frameworks */ = {
			isa = PBXGroup;
			children = (
				A0ABEDC7190A1969002C91B7 /* Foundation.framework */,
				A0ABEDC9190A1969002C91B7 /* CoreGraphics.framework */,
				A0ABEDCB190A1969002C91B7 /* UIKit.framework */,
				A0ABEDE6190A1969002C91B7 /* XCTest.framework */,
			);
			name = Frameworks;
			sourceTree = "<group>";
		};
		A0ABEDCD190A1969002C91B7 /* LineLIne */ = {
			isa = PBXGroup;
			children = (
				A0ABEDFF190A3543002C91B7 /* LineView.h */,
				A0ABEE00190A3543002C91B7 /* LineView.m */,
				A0ABEDD6190A1969002C91B7 /* LineLineAppDelegate.h */,
				A0ABEDD7190A1969002C91B7 /* LineLineAppDelegate.m */,
				A0ABEDD9190A1969002C91B7 /* Main.storyboard */,
				A0ABEDDC190A1969002C91B7 /* LineLineViewController.h */,
				A0ABEDDD190A1969002C91B7 /* LineLineViewController.m */,
				A0ABEDDF190A1969002C91B7 /* Images.xcassets */,
				A0ABEDCE190A1969002C91B7 /* Supporting Files */,
			);
			path = LineLIne;
			sourceTree = "<group>";
		};
		A0ABEDCE190A1969002C91B7 /* Supporting Files */ = {
			isa = PBXGroup;
			children = (
				A0ABEDCF190A1969002C91B7 /* LineLIne-Info.plist */,
				A0ABEDD0190A1969002C91B7 /* InfoPlist.strings */,
				A0ABEDD3190A1969002C91B7 /* main.m */,
				A0ABEDD5190A1969002C91B7 /* LineLIne-Prefix.pch */,
			);
			name = "Supporting Files";
			sourceTree = "<group>";
		};
		A0ABEDEC190A1969002C91B7 /* LineLIneTests */ = {
			isa = PBXGroup;
			children = (
				A0ABEDF2190A1969002C91B7 /* LineLIneTests.m */,
				A0ABEDED190A1969002C91B7 /* Supporting Files */,
			);
			path = LineLIneTests;
			sourceTree = "<group>";
		};
		A0ABEDED190A1969002C91B7 /* Supporting Files */ = {
			isa = PBXGroup;
			children = (
				A0ABEDEE190A1969002C91B7 /* LineLIneTests-Info.plist */,
				A0ABEDEF190A1969002C91B7 /* InfoPlist.strings */,
			);
			name = "Supporting Files";
			sourceTree = "<group>";
		};
/* End PBXGroup section */

/* Begin PBXNativeTarget section */
		A0ABEDC3190A1969002C91B7 /* LineLIne */ = {
			isa = PBXNativeTarget;
			buildConfigurationList = A0ABEDF6190A1969002C91B7 /* Build configuration list for PBXNativeTarget "LineLIne" */;
			buildPhases = (
				A0ABEDC0190A1969002C91B7 /* Sources */,
				A0ABEDC1190A1969002C91B7 /* Frameworks */,
				A0ABEDC2190A1969002C91B7 /* Resources */,
			);
			buildRules = (
			);
			dependencies = (
			);
			name = LineLIne;
			productName = LineLIne;
			productReference = A0ABEDC4190A1969002C91B7 /* LineLIne.app */;
			productType = "com.apple.product-type.application";
		};
		A0ABEDE4190A1969002C91B7 /* LineLIneTests */ = {
			isa = PBXNativeTarget;
			buildConfigurationList = A0ABEDF9190A1969002C91B7 /* Build configuration list for PBXNativeTarget "LineLIneTests" */;
			buildPhases = (
				A0ABEDE1190A1969002C91B7 /* Sources */,
				A0ABEDE2190A1969002C91B7 /* Frameworks */,
				A0ABEDE3190A1969002C91B7 /* Resources */,
			);
			buildRules = (
			);
			dependencies = (
				A0ABEDEB190A1969002C91B7 /* PBXTargetDependency */,
			);
			name = LineLIneTests;
			productName = LineLIneTests;
			productReference = A0ABEDE5190A1969002C91B7 /* LineLIneTests.xctest */;
			productType = "com.apple.product-type.bundle.unit-test";
		};
/* End PBXNativeTarget section */

/* Begin PBXProject section */
		A0ABEDBC190A1969002C91B7 /* Project object */ = {
			isa = PBXProject;
			attributes = {
				CLASSPREFIX = LineLine;
				LastUpgradeCheck = 0510;
				ORGANIZATIONNAME = fmj;
				TargetAttributes = {
					A0ABEDE4190A1969002C91B7 = {
						TestTargetID = A0ABEDC3190A1969002C91B7;
					};
				};
			};
			buildConfigurationList = A0ABEDBF190A1969002C91B7 /* Build configuration list for PBXProject "LineLIne" */;
			compatibilityVersion = "Xcode 3.2";
			developmentRegion = English;
			hasScannedForEncodings = 0;
			knownRegions = (
				en,
				Base,
			);
			mainGroup = A0ABEDBB190A1969002C91B7;
			productRefGroup = A0ABEDC5190A1969002C91B7 /* Products */;
			projectDirPath = "";
			projectRoot = "";
			targets = (
				A0ABEDC3190A1969002C91B7 /* LineLIne */,
				A0ABEDE4190A1969002C91B7 /* LineLIneTests */,
			);
		};
/* End PBXProject section */

/* Begin PBXResourcesBuildPhase section */
		A0ABEDC2190A1969002C91B7 /* Resources */ = {
			isa = PBXResourcesBuildPhase;
			buildActionMask = 2147483647;
			files = (
				A0ABEDE0190A1969002C91B7 /* Images.xcassets in Resources */,
				A0ABEDD2190A1969002C91B7 /* InfoPlist.strings in Resources */,
				A0ABEDDB190A1969002C91B7 /* Main.storyboard in Resources */,
			);
			runOnlyForDeploymentPostprocessing = 0;
		};
		A0ABEDE3190A1969002C91B7 /* Resources */ = {
			isa = PBXResourcesBuildPhase;
			buildActionMask = 2147483647;
			files = (
				A0ABEDF1190A1969002C91B7 /* InfoPlist.strings in Resources */,
			);
			runOnlyForDeploymentPostprocessing = 0;
		};
/* End PBXResourcesBuildPhase section */

/* Begin PBXSourcesBuildPhase section */
		A0ABEDC0190A1969002C91B7 /* Sources */ = {
			isa = PBXSourcesBuildPhase;
			buildActionMask = 2147483647;
			files = (
				A0ABEE01190A3543002C91B7 /* LineView.m in Sources */,
				A0ABEDD8190A1969002C91B7 /* LineLineAppDelegate.m in Sources */,
				A0ABEDDE190A1969002C91B7 /* LineLineViewController.m in Sources */,
				A0ABEDD4190A1969002C91B7 /* main.m in Sources */,
			);
			runOnlyForDeploymentPostprocessing = 0;
		};
		A0ABEDE1190A1969002C91B7 /* Sources */ = {
			isa = PBXSourcesBuildPhase;
			buildActionMask = 2147483647;
			files = (
				A0ABEDF3190A1969002C91B7 /* LineLIneTests.m in Sources */,
			);
			runOnlyForDeploymentPostprocessing = 0;
		};
/* End PBXSourcesBuildPhase section */

/* Begin PBXTargetDependency section */
		A0ABEDEB190A1969002C91B7 /* PBXTargetDependency */ = {
			isa = PBXTargetDependency;
			target = A0ABEDC3190A1969002C91B7 /* LineLIne */;
			targetProxy = A0ABEDEA190A1969002C91B7 /* PBXContainerItemProxy */;
		};
/* End PBXTargetDependency section */

/* Begin PBXVariantGroup section */
		A0ABEDD0190A1969002C91B7 /* InfoPlist.strings */ = {
			isa = PBXVariantGroup;
			children = (
				A0ABEDD1190A1969002C91B7 /* en */,
			);
			name = InfoPlist.strings;
			sourceTree = "<group>";
		};
		A0ABEDD9190A1969002C91B7 /* Main.storyboard */ = {
			isa = PBXVariantGroup;
			children = (
				A0ABEDDA190A1969002C91B7 /* Base */,
			);
			name = Main.storyboard;
			sourceTree = "<group>";
		};
		A0ABEDEF190A1969002C91B7 /* InfoPlist.strings */ = {
			isa = PBXVariantGroup;
			children = (
				A0ABEDF0190A1969002C91B7 /* en */,
			);
			name = InfoPlist.strings;
			sourceTree = "<group>";
		};
/* End PBXVariantGroup section */

/* Begin XCBuildConfiguration section */
		A0ABEDF4190A1969002C91B7 /* Debug */ = {
			isa = XCBuildConfiguration;
			buildSettings = {
				ALWAYS_SEARCH_USER_PATHS = NO;
				CLANG_CXX_LANGUAGE_STANDARD = "gnu++0x";
				CLANG_CXX_LIBRARY = "libc++";
				CLANG_ENABLE_MODULES = YES;
				CLANG_ENABLE_OBJC_ARC = YES;
				CLANG_WARN_BOOL_CONVERSION = YES;
				CLANG_WARN_CONSTANT_CONVERSION = YES;
				CLANG_WARN_DIRECT_OBJC_ISA_USAGE = YES_ERROR;
				CLANG_WARN_EMPTY_BODY = YES;
				CLANG_WARN_ENUM_CONVERSION = YES;
				CLANG_WARN_INT_CONVERSION = YES;
				CLANG_WARN_OBJC_ROOT_CLASS = YES_ERROR;
				CLANG_WARN__DUPLICATE_METHOD_MATCH = YES;
				"CODE_SIGN_IDENTITY[sdk=iphoneos*]" = "iPhone Developer";
				COPY_PHASE_STRIP = NO;
				GCC_C_LANGUAGE_STANDARD = gnu99;
				GCC_DYNAMIC_NO_PIC = NO;
				GCC_OPTIMIZATION_LEVEL = 0;
				GCC_PREPROCESSOR_DEFINITIONS = (
					"DEBUG=1",
					"$(inherited)",
				);
				GCC_SYMBOLS_PRIVATE_EXTERN = NO;
				GCC_WARN_64_TO_32_BIT_CONVERSION = YES;
				GCC_WARN_ABOUT_RETURN_TYPE = YES_ERROR;
				GCC_WARN_UNDECLARED_SELECTOR = YES;
				GCC_WARN_UNINITIALIZED_AUTOS = YES_AGGRESSIVE;
				GCC_WARN_UNUSED_FUNCTION = YES;
				GCC_WARN_UNUSED_VARIABLE = YES;
				IPHONEOS_DEPLOYMENT_TARGET = 7.1;
				ONLY_ACTIVE_ARCH = YES;
				SDKROOT = iphoneos;
			};
			name = Debug;
		};
		A0ABEDF5190A1969002C91B7 /* Release */ = {
			isa = XCBuildConfiguration;
			buildSettings = {
				ALWAYS_SEARCH_USER_PATHS = NO;
				CLANG_CXX_LANGUAGE_STANDARD = "gnu++0x";
				CLANG_CXX_LIBRARY = "libc++";
				CLANG_ENABLE_MODULES = YES;
				CLANG_ENABLE_OBJC_ARC = YES;
				CLANG_WARN_BOOL_CONVERSION = YES;
				CLANG_WARN_CONSTANT_CONVERSION = YES;
				CLANG_WARN_DIRECT_OBJC_ISA_USAGE = YES_ERROR;
				CLANG_WARN_EMPTY_BODY = YES;
				CLANG_WARN_ENUM_CONVERSION = YES;
				CLANG_WARN_INT_CONVERSION = YES;
				CLANG_WARN_OBJC_ROOT_CLASS = YES_ERROR;
				CLANG_WARN__DUPLICATE_METHOD_MATCH = YES;
				"CODE_SIGN_IDENTITY[sdk=iphoneos*]" = "iPhone Developer";
				COPY_PHASE_STRIP = YES;
				ENABLE_NS_ASSERTIONS = NO;
				GCC_C_LANGUAGE_STANDARD = gnu99;
				GCC_WARN_64_TO_32_BIT_CONVERSION = YES;
				GCC_WARN_ABOUT_RETURN_TYPE = YES_ERROR;
				GCC_WARN_UNDECLARED_SELECTOR = YES;
				GCC_WARN_UNINITIALIZED_AUTOS = YES_AGGRESSIVE;
				GCC_WARN_UNUSED_FUNCTION = YES;
				GCC_WARN_UNUSED_VARIABLE = YES;
				IPHONEOS_DEPLOYMENT_TARGET = 7.1;
				SDKROOT = iphoneos;
				VALIDATE_PRODUCT = YES;
			};
			name = Release;
		};
		A0ABEDF7190A1969002C91B7 /* Debug */ = {
			isa = XCBuildConfiguration;
			buildSettings = {
				ASSETCATALOG_COMPILER_APPICON_NAME = AppIcon;
				ASSETCATALOG_COMPILER_LAUNCHIMAGE_NAME = LaunchImage;
				GCC_PRECOMPILE_PREFIX_HEADER = YES;
				GCC_PREFIX_HEADER = "LineLIne/LineLIne-Prefix.pch";
				INFOPLIST_FILE = "LineLIne/LineLIne-Info.plist";
				PRODUCT_NAME = "$(TARGET_NAME)";
				WRAPPER_EXTENSION = app;
			};
			name = Debug;
		};
		A0ABEDF8190A1969002C91B7 /* Release */ = {
			isa = XCBuildConfiguration;
			buildSettings = {
				ASSETCATALOG_COMPILER_APPICON_NAME = AppIcon;
				ASSETCATALOG_COMPILER_LAUNCHIMAGE_NAME = LaunchImage;
				GCC_PRECOMPILE_PREFIX_HEADER = YES;
				GCC_PREFIX_HEADER = "LineLIne/LineLIne-Prefix.pch";
				INFOPLIST_FILE = "LineLIne/LineLIne-Info.plist";
				PRODUCT_NAME = "$(TARGET_NAME)";
				WRAPPER_EXTENSION = app;
			};
			name = Release;
		};
		A0ABEDFA190A1969002C91B7 /* Debug */ = {
			isa = XCBuildConfiguration;
			buildSettings = {
				BUNDLE_LOADER = "$(BUILT_PRODUCTS_DIR)/LineLIne.app/LineLIne";
				FRAMEWORK_SEARCH_PATHS = (
					"$(SDKROOT)/Developer/Library/Frameworks",
					"$(inherited)",
					"$(DEVELOPER_FRAMEWORKS_DIR)",
				);
				GCC_PRECOMPILE_PREFIX_HEADER = YES;
				GCC_PREFIX_HEADER = "LineLIne/LineLIne-Prefix.pch";
				GCC_PREPROCESSOR_DEFINITIONS = (
					"DEBUG=1",
					"$(inherited)",
				);
				INFOPLIST_FILE = "LineLIneTests/LineLIneTests-Info.plist";
				PRODUCT_NAME = "$(TARGET_NAME)";
				TEST_HOST = "$(BUNDLE_LOADER)";
				WRAPPER_EXTENSION = xctest;
			};
			name = Debug;
		};
		A0ABEDFB190A1969002C91B7 /* Release */ = {
			isa = XCBuildConfiguration;
			buildSettings = {
				BUNDLE_LOADER = "$(BUILT_PRODUCTS_DIR)/LineLIne.app/LineLIne";
				FRAMEWORK_SEARCH_PATHS = (
					"$(SDKROOT)/Developer/Library/Frameworks",
					"$(inherited)",
					"$(DEVELOPER_FRAMEWORKS_DIR)",
				);
				GCC_PRECOMPILE_PREFIX_HEADER = YES;
				GCC_PREFIX_HEADER = "LineLIne/LineLIne-Prefix.pch";
				INFOPLIST_FILE = "LineLIneTests/LineLIneTests-Info.plist";
				PRODUCT_NAME = "$(TARGET_NAME)";
				TEST_HOST = "$(BUNDLE_LOADER)";
				WRAPPER_EXTENSION = xctest;
			};
			name = Release;
		};
/* End XCBuildConfiguration section */

/* Begin XCConfigurationList section */
		A0ABEDBF190A1969002C91B7 /* Build configuration list for PBXProject "LineLIne" */ = {
			isa = XCConfigurationList;
			buildConfigurations = (
				A0ABEDF4190A1969002C91B7 /* Debug */,
				A0ABEDF5190A1969002C91B7 /* Release */,
			);
			defaultConfigurationIsVisible = 0;
			defaultConfigurationName = Release;
		};
		A0ABEDF6190A1969002C91B7 /* Build configuration list for PBXNativeTarget "LineLIne" */ = {
			isa = XCConfigurationList;
			buildConfigurations = (
				A0ABEDF7190A1969002C91B7 /* Debug */,
				A0ABEDF8190A1969002C91B7 /* Release */,
			);
			defaultConfigurationIsVisible = 0;
		};
		A0ABEDF9190A1969002C91B7 /* Build configuration list for PBXNativeTarget "LineLIneTests" */ = {
			isa = XCConfigurationList;
			buildConfigurations = (
				A0ABEDFA190A1969002C91B7 /* Debug */,
				A0ABEDFB190A1969002C91B7 /* Release */,
			);
			defaultConfigurationIsVisible = 0;
		};
/* End XCConfigurationList section */
	};
	rootObject = A0ABEDBC190A1969002C91B7 /* Project object */;
}
